{
  "name": "client",
  "version": "1.0.0",
  "lockfileVersion": 2,
  "requires": true,
  "packages": {
    "": {
      "name": "client",
      "version": "1.0.0",
      "devDependencies": {
        "@altv/types-client": "^2.1.7",
        "@altv/types-natives": "^1.4.4",
        "@altv/types-shared": "^1.2.4",
        "@altv/types-webview": "^1.0.2"
      }
    },
    "node_modules/@altv/types-client": {
      "version": "2.4.8",
      "resolved": "https://registry.npmjs.org/@altv/types-client/-/types-client-2.4.8.tgz",
      "integrity": "sha512-IhEJJ+nb/IJBiAdtBW8HkW5A9cpdgTgVgmcUMVfzqb++We3RD/WjkJ5oqCXGnTmZEeHDDIveoyroiPw1Fc9e4w==",
      "dev": true,
      "peerDependencies": {
        "@altv/types-shared": "latest",
        "@altv/types-worker": "1.0.x"
      }
    },
    "node_modules/@altv/types-natives": {
      "version": "1.5.3",
      "resolved": "https://registry.npmjs.org/@altv/types-natives/-/types-natives-1.5.3.tgz",
      "integrity": "sha512-Ugp+x1knj6DR8uU25IWHmpAUF4on+1RpBdiu5rJhJnNPXsi9OqqHcEBOsDf6XRFaETavfnE+ph7wNw8IkgXHAA==",
      "dev": true,
      "peerDependencies": {
        "@altv/types-client": ">=1.7.0"
      }
    },
    "node_modules/@altv/types-shared": {
      "version": "1.3.9",
      "resolved": "https://registry.npmjs.org/@altv/types-shared/-/types-shared-1.3.9.tgz",
      "integrity": "sha512-XESea8EY4x5rvXs/5EY3UcK/Ywyihts7NLTvUHwt6ycblzXzDXI2ea5X4MyfbOqHDeCJH9nOVL2pSuEHL7M9yg==",
      "dev": true
    },
    "node_modules/@altv/types-webview": {
      "version": "1.0.5",
      "resolved": "https://registry.npmjs.org/@altv/types-webview/-/types-webview-1.0.5.tgz",
      "integrity": "sha512-g1bYnkLLxhJr6CBq0qFZoJtzs+20nEmHBMftlAGAgEJsyKR5HWf0NUi2mmUS50IpVEsULqgK+hx4uRZpXLmS7A==",
      "dev": true
    },
    "node_modules/@altv/types-worker": {
      "version": "1.0.7",
      "resolved": "https://registry.npmjs.org/@altv/types-worker/-/types-worker-1.0.7.tgz",
      "integrity": "sha512-mImzn79l5w1/T16sZU0F7pI/hehY84tUe0PNu5Q/1S0B2OsINntAFU/RxLIe5XhSepVg0zlF2ZaISZfLcdQlLA==",
      "dev": true,
      "peer": true,
      "peerDependencies": {
        "@altv/types-client": "latest"
      }
    }
  },
  "dependencies": {
    "@altv/types-client": {
      "version": "2.4.8",
      "resolved": "https://registry.npmjs.org/@altv/types-client/-/types-client-2.4.8.tgz",
      "integrity": "sha512-IhEJJ+nb/IJBiAdtBW8HkW5A9cpdgTgVgmcUMVfzqb++We3RD/WjkJ5oqCXGnTmZEeHDDIveoyroiPw1Fc9e4w==",
      "dev": true,
      "requires": {}
    },
    "@altv/types-natives": {
      "version": "1.5.3",
      "resolved": "https://registry.npmjs.org/@altv/types-natives/-/types-natives-1.5.3.tgz",
      "integrity": "sha512-Ugp+x1knj6DR8uU25IWHmpAUF4on+1RpBdiu5rJhJnNPXsi9OqqHcEBOsDf6XRFaETavfnE+ph7wNw8IkgXHAA==",
      "dev": true,
      "requires": {}
    },
    "@altv/types-shared": {
      "version": "1.3.9",
      "resolved": "https://registry.npmjs.org/@altv/types-shared/-/types-shared-1.3.9.tgz",
      "integrity": "sha512-XESea8EY4x5rvXs/5EY3UcK/Ywyihts7NLTvUHwt6ycblzXzDXI2ea5X4MyfbOqHDeCJH9nOVL2pSuEHL7M9yg==",
      "dev": true
    },
    "@altv/types-webview": {
      "version": "1.0.5",
      "resolved": "https://registry.npmjs.org/@altv/types-webview/-/types-webview-1.0.5.tgz",
      "integrity": "sha512-g1bYnkLLxhJr6CBq0qFZoJtzs+20nEmHBMftlAGAgEJsyKR5HWf0NUi2mmUS50IpVEsULqgK+hx4uRZpXLmS7A==",
      "dev": true
    },
    "@altv/types-worker": {
      "version": "1.0.7",
      "resolved": "https://registry.npmjs.org/@altv/types-worker/-/types-worker-1.0.7.tgz",
      "integrity": "sha512-mImzn79l5w1/T16sZU0F7pI/hehY84tUe0PNu5Q/1S0B2OsINntAFU/RxLIe5XhSepVg0zlF2ZaISZfLcdQlLA==",
      "dev": true,
      "peer": true,
      "requires": {}
    }
  }
}
